
Microsoft Visual Studio Solution File, Format Version 12.00
# Visual Studio Version 17
VisualStudioVersion = 17.14.36310.24 d17.14
MinimumVisualStudioVersion = 10.0.40219.1
Project("{FAE04EC0-301F-11D3-BF4B-00C04F79EFBC}") = "InternalResourceBooking", "InternalResourceBooking.csproj", "{E520F602-30FF-4F22-8955-FF305506B297}"
EndProject
Global
	GlobalSection(SolutionConfigurationPlatforms) = preSolution
		Debug|Any CPU = Debug|Any CPU
		Release|Any CPU = Release|Any CPU
	EndGlobalSection
	GlobalSection(ProjectConfigurationPlatforms) = postSolution
		{E520F602-30FF-4F22-8955-FF305506B297}.Debug|Any CPU.ActiveCfg = Debug|Any CPU
		{E520F602-30FF-4F22-8955-FF305506B297}.Debug|Any CPU.Build.0 = Debug|Any CPU
		{E520F602-30FF-4F22-8955-FF305506B297}.Release|Any CPU.ActiveCfg = Release|Any CPU
		{E520F602-30FF-4F22-8955-FF305506B297}.Release|Any CPU.Build.0 = Release|Any CPU
	EndGlobalSection
	GlobalSection(SolutionProperties) = preSolution
		HideSolutionNode = FALSE
	EndGlobalSection
	GlobalSection(ExtensibilityGlobals) = postSolution
		SolutionGuid = {38EC389F-758E-4499-A89A-31AC752D28AE}
	EndGlobalSection
EndGlobal
